{
    "name": "binar-sme-nodejs-server",
    "version": "1.0.0",
    "lockfileVersion": 2,
    "requires": true,
    "packages": {
        "": {
            "name": "binar-sme-nodejs-server",
            "version": "1.0.0",
            "license": "MIT",
            "dependencies": {
                "@typed/http": "^8.8.0"
            }
        },
        "node_modules/@typed/common": {
            "version": "3.5.0",
            "resolved": "https://registry.npmjs.org/@typed/common/-/common-3.5.0.tgz",
            "integrity": "sha512-GV+hjZyu82tWrbtIZwP7NSeVDfiEZe7e0PIsVdhhK1b7RxCRDNxymu5792gPb9QAXJKRwLnlqO6DgSEim3oq0A==",
            "peerDependencies": {
                "tslib": "^2.0.0"
            }
        },
        "node_modules/@typed/disposable": {
            "version": "3.4.1",
            "resolved": "https://registry.npmjs.org/@typed/disposable/-/disposable-3.4.1.tgz",
            "integrity": "sha512-EsybTZBUUbm4kftcVa0itjzk4xfUuurMJVpxvZc8R+jagTHA0LayQft2+8k/vGN/XDFxS3aG9pcE9WGmsQGRdw==",
            "dependencies": {
                "@typed/lambda": "^3.4.0"
            },
            "peerDependencies": {
                "tslib": "^2.0.0"
            }
        },
        "node_modules/@typed/effects": {
            "version": "6.8.0",
            "resolved": "https://registry.npmjs.org/@typed/effects/-/effects-6.8.0.tgz",
            "integrity": "sha512-J6LWy6IQewR/3OUqzUng2yaZIkyGykDgVEIW+t5JNXzhWtP2Ll/4TwCQIg1bfTYjouGTTAgvTZkQGVd33iZm5A==",
            "dependencies": {
                "@typed/common": "^3.5.0",
                "@typed/disposable": "^3.4.1",
                "@typed/either": "^8.3.0",
                "@typed/env": "^8.5.0",
                "@typed/lambda": "^3.4.0",
                "@typed/list": "^6.4.4",
                "@typed/maybe": "^10.4.0",
                "@typed/promises": "^5.3.0",
                "@typed/timer": "^3.6.0"
            },
            "peerDependencies": {
                "tslib": "^2.0.0"
            }
        },
        "node_modules/@typed/either": {
            "version": "8.3.0",
            "resolved": "https://registry.npmjs.org/@typed/either/-/either-8.3.0.tgz",
            "integrity": "sha512-VKKGwdQ0tVP+9wJmuSySvE/zfCq+XhKD6i12ZXhLwiqJgCX/o/r24FRUYwzeuNIbR17Yd2dgC5SWB1rgwOo/pw==",
            "dependencies": {
                "@typed/lambda": "^3.4.0"
            },
            "peerDependencies": {
                "tslib": "^2.0.0"
            }
        },
        "node_modules/@typed/env": {
            "version": "8.5.0",
            "resolved": "https://registry.npmjs.org/@typed/env/-/env-8.5.0.tgz",
            "integrity": "sha512-gm1/1aoj+IG5Xzp8eBpyQR1T2Yfj/ivdtq9JILSoIsfsMwdigW8dDCja7YH0RL5GYtx09DoPGnABciD8GmLtUw==",
            "dependencies": {
                "@typed/common": "^3.5.0",
                "@typed/disposable": "^3.4.1",
                "@typed/lambda": "^3.4.0",
                "@typed/list": "^6.4.4",
                "@typed/objects": "^6.4.1",
                "@typed/timer": "^3.6.0"
            },
            "peerDependencies": {
                "tslib": "^2.0.0"
            }
        },
        "node_modules/@typed/http": {
            "version": "8.8.0",
            "resolved": "https://registry.npmjs.org/@typed/http/-/http-8.8.0.tgz",
            "integrity": "sha512-Cl3hmEk2n45cjdE5GNqgpcRd0A56gtf9yxOYwEGAkI9l5yJP3zKeMD0SQcyQW6JHDTOjuINkgPVtKk6dGodtGg==",
            "dependencies": {
                "@typed/common": "^3.5.0",
                "@typed/disposable": "^3.4.1",
                "@typed/effects": "^6.8.0",
                "@typed/either": "^8.3.0",
                "@typed/env": "^8.5.0",
                "@typed/lambda": "^3.4.0",
                "@typed/logic": "^6.5.4",
                "@typed/maybe": "^10.4.0",
                "@typed/objects": "^6.4.1",
                "@typed/timer": "^3.6.0"
            },
            "peerDependencies": {
                "tslib": "^2.0.0"
            }
        },
        "node_modules/@typed/lambda": {
            "version": "3.4.0",
            "resolved": "https://registry.npmjs.org/@typed/lambda/-/lambda-3.4.0.tgz",
            "integrity": "sha512-0Bn60qEt4ocCqUI0W9sALz3CED8HBZc9ErXihNkTJL/CGlUda0XmdUz7/pls5qRAog/dmFyOdR5ls6YSfOyZcw==",
            "dependencies": {
                "@typed/common": "^3.5.0"
            },
            "peerDependencies": {
                "tslib": "^2.0.0"
            }
        },
        "node_modules/@typed/list": {
            "version": "6.4.4",
            "resolved": "https://registry.npmjs.org/@typed/list/-/list-6.4.4.tgz",
            "integrity": "sha512-KI/z/MOMbbIbzGzBMthpCGoH2J3Ho1t2nnNuK1sZxk/IAtKSTrMQiWJRArkPQs1JNBH7TDsXDu1/47pUxwxPPw==",
            "dependencies": {
                "@typed/common": "^3.5.0",
                "@typed/lambda": "^3.4.0",
                "@typed/logic": "^6.5.4",
                "@typed/math": "^6.4.0",
                "@typed/maybe": "^10.4.0",
                "@typed/tuple": "^3.3.0"
            },
            "peerDependencies": {
                "tslib": "^2.0.0"
            }
        },
        "node_modules/@typed/logic": {
            "version": "6.5.4",
            "resolved": "https://registry.npmjs.org/@typed/logic/-/logic-6.5.4.tgz",
            "integrity": "sha512-TtiG7+GzrnwpBr3e6erPdSQx67eXa5tva/IjvfJnGWAUNjkTBd0+9vuNmIYgobX+IP5kSBFUv95ZAVZnrDgVUQ==",
            "dependencies": {
                "@typed/common": "^3.5.0",
                "@typed/lambda": "^3.4.0",
                "@typed/maybe": "^10.4.0"
            },
            "peerDependencies": {
                "tslib": "^2.0.0"
            }
        },
        "node_modules/@typed/math": {
            "version": "6.4.0",
            "resolved": "https://registry.npmjs.org/@typed/math/-/math-6.4.0.tgz",
            "integrity": "sha512-FHa8HBkSFEv9vJiSqjX7J4o9wloB9aDA64CyB2dSuIKYXzP8+tbfg/xBB3qDIB5X7oABWtAi3+kJq79o1QuYtg==",
            "dependencies": {
                "@typed/lambda": "^3.4.0",
                "@typed/maybe": "^10.4.0"
            },
            "peerDependencies": {
                "tslib": "^2.0.0"
            }
        },
        "node_modules/@typed/maybe": {
            "version": "10.4.0",
            "resolved": "https://registry.npmjs.org/@typed/maybe/-/maybe-10.4.0.tgz",
            "integrity": "sha512-J7mcL9WSji9u0wD8oCjAIX4q0t0GKNY0ghBHw7vJLoXauEGSRclE9gM+AtfYKVnQuE2fdhy/sCiYzaOJB7iBGQ==",
            "dependencies": {
                "@typed/lambda": "^3.4.0"
            },
            "peerDependencies": {
                "tslib": "^2.0.0"
            }
        },
        "node_modules/@typed/objects": {
            "version": "6.4.1",
            "resolved": "https://registry.npmjs.org/@typed/objects/-/objects-6.4.1.tgz",
            "integrity": "sha512-qu3K5W8z9lS/DcWdINLOw88FDZ9R+NukM+63kGkuEs/CpgcvEN7O+nECP6dPfh1xsKILwareLaVzRIqcegKcbQ==",
            "dependencies": {
                "@typed/common": "^3.5.0",
                "@typed/lambda": "^3.4.0",
                "@typed/maybe": "^10.4.0"
            },
            "peerDependencies": {
                "tslib": "^2.0.0"
            }
        },
        "node_modules/@typed/promises": {
            "version": "5.3.0",
            "resolved": "https://registry.npmjs.org/@typed/promises/-/promises-5.3.0.tgz",
            "integrity": "sha512-25icRmJCPxQ4xpLjFzD/9egFq3JdB042/R3mZNdG6nicJOycV+ADjv+6ZxKpmyYruwNh70hb0dCIzTSMOrZJ7g==",
            "dependencies": {
                "@typed/lambda": "^3.4.0"
            },
            "peerDependencies": {
                "tslib": "^2.0.0"
            }
        },
        "node_modules/@typed/timer": {
            "version": "3.6.0",
            "resolved": "https://registry.npmjs.org/@typed/timer/-/timer-3.6.0.tgz",
            "integrity": "sha512-Py/9OvemHoI67auuTmejKFUousBAX7gdcxTBKYybUFdEj9EdIpCPUzutzb8tao4PLaNokLlfnlAaCpJLJ91JLg==",
            "dependencies": {
                "@typed/common": "^3.5.0",
                "@typed/disposable": "^3.4.1",
                "@typed/lambda": "^3.4.0",
                "@typed/list": "^6.4.4"
            },
            "peerDependencies": {
                "tslib": "^2.0.0"
            }
        },
        "node_modules/@typed/tuple": {
            "version": "3.3.0",
            "resolved": "https://registry.npmjs.org/@typed/tuple/-/tuple-3.3.0.tgz",
            "integrity": "sha512-8yHduiKLkoh+cJ8oOzzX+Rl4uql+vcCmE2UBDt6yqwEVf4FFQckrhdBkUasM71AxMKqQk9PStO243ixV1lTebA==",
            "dependencies": {
                "@typed/lambda": "^3.4.0"
            },
            "peerDependencies": {
                "tslib": "^2.0.0"
            }
        },
        "node_modules/tslib": {
            "version": "2.3.1",
            "resolved": "https://registry.npmjs.org/tslib/-/tslib-2.3.1.tgz",
            "integrity": "sha512-77EbyPPpMz+FRFRuAFlWMtmgUWGe9UOG2Z25NqCwiIjRhOf5iKGuzSe5P2w1laq+FkRy4p+PCuVkJSGkzTEKVw==",
            "peer": true
        }
    },
    "dependencies": {
        "@typed/common": {
            "version": "3.5.0",
            "resolved": "https://registry.npmjs.org/@typed/common/-/common-3.5.0.tgz",
            "integrity": "sha512-GV+hjZyu82tWrbtIZwP7NSeVDfiEZe7e0PIsVdhhK1b7RxCRDNxymu5792gPb9QAXJKRwLnlqO6DgSEim3oq0A==",
            "requires": {}
        },
        "@typed/disposable": {
            "version": "3.4.1",
            "resolved": "https://registry.npmjs.org/@typed/disposable/-/disposable-3.4.1.tgz",
            "integrity": "sha512-EsybTZBUUbm4kftcVa0itjzk4xfUuurMJVpxvZc8R+jagTHA0LayQft2+8k/vGN/XDFxS3aG9pcE9WGmsQGRdw==",
            "requires": {
                "@typed/lambda": "^3.4.0"
            }
        },
        "@typed/effects": {
            "version": "6.8.0",
            "resolved": "https://registry.npmjs.org/@typed/effects/-/effects-6.8.0.tgz",
            "integrity": "sha512-J6LWy6IQewR/3OUqzUng2yaZIkyGykDgVEIW+t5JNXzhWtP2Ll/4TwCQIg1bfTYjouGTTAgvTZkQGVd33iZm5A==",
            "requires": {
                "@typed/common": "^3.5.0",
                "@typed/disposable": "^3.4.1",
                "@typed/either": "^8.3.0",
                "@typed/env": "^8.5.0",
                "@typed/lambda": "^3.4.0",
                "@typed/list": "^6.4.4",
                "@typed/maybe": "^10.4.0",
                "@typed/promises": "^5.3.0",
                "@typed/timer": "^3.6.0"
            }
        },
        "@typed/either": {
            "version": "8.3.0",
            "resolved": "https://registry.npmjs.org/@typed/either/-/either-8.3.0.tgz",
            "integrity": "sha512-VKKGwdQ0tVP+9wJmuSySvE/zfCq+XhKD6i12ZXhLwiqJgCX/o/r24FRUYwzeuNIbR17Yd2dgC5SWB1rgwOo/pw==",
            "requires": {
                "@typed/lambda": "^3.4.0"
            }
        },
        "@typed/env": {
            "version": "8.5.0",
            "resolved": "https://registry.npmjs.org/@typed/env/-/env-8.5.0.tgz",
            "integrity": "sha512-gm1/1aoj+IG5Xzp8eBpyQR1T2Yfj/ivdtq9JILSoIsfsMwdigW8dDCja7YH0RL5GYtx09DoPGnABciD8GmLtUw==",
            "requires": {
                "@typed/common": "^3.5.0",
                "@typed/disposable": "^3.4.1",
                "@typed/lambda": "^3.4.0",
                "@typed/list": "^6.4.4",
                "@typed/objects": "^6.4.1",
                "@typed/timer": "^3.6.0"
            }
        },
        "@typed/http": {
            "version": "8.8.0",
            "resolved": "https://registry.npmjs.org/@typed/http/-/http-8.8.0.tgz",
            "integrity": "sha512-Cl3hmEk2n45cjdE5GNqgpcRd0A56gtf9yxOYwEGAkI9l5yJP3zKeMD0SQcyQW6JHDTOjuINkgPVtKk6dGodtGg==",
            "requires": {
                "@typed/common": "^3.5.0",
                "@typed/disposable": "^3.4.1",
                "@typed/effects": "^6.8.0",
                "@typed/either": "^8.3.0",
                "@typed/env": "^8.5.0",
                "@typed/lambda": "^3.4.0",
                "@typed/logic": "^6.5.4",
                "@typed/maybe": "^10.4.0",
                "@typed/objects": "^6.4.1",
                "@typed/timer": "^3.6.0"
            }
        },
        "@typed/lambda": {
            "version": "3.4.0",
            "resolved": "https://registry.npmjs.org/@typed/lambda/-/lambda-3.4.0.tgz",
            "integrity": "sha512-0Bn60qEt4ocCqUI0W9sALz3CED8HBZc9ErXihNkTJL/CGlUda0XmdUz7/pls5qRAog/dmFyOdR5ls6YSfOyZcw==",
            "requires": {
                "@typed/common": "^3.5.0"
            }
        },
        "@typed/list": {
            "version": "6.4.4",
            "resolved": "https://registry.npmjs.org/@typed/list/-/list-6.4.4.tgz",
            "integrity": "sha512-KI/z/MOMbbIbzGzBMthpCGoH2J3Ho1t2nnNuK1sZxk/IAtKSTrMQiWJRArkPQs1JNBH7TDsXDu1/47pUxwxPPw==",
            "requires": {
                "@typed/common": "^3.5.0",
                "@typed/lambda": "^3.4.0",
                "@typed/logic": "^6.5.4",
                "@typed/math": "^6.4.0",
                "@typed/maybe": "^10.4.0",
                "@typed/tuple": "^3.3.0"
            }
        },
        "@typed/logic": {
            "version": "6.5.4",
            "resolved": "https://registry.npmjs.org/@typed/logic/-/logic-6.5.4.tgz",
            "integrity": "sha512-TtiG7+GzrnwpBr3e6erPdSQx67eXa5tva/IjvfJnGWAUNjkTBd0+9vuNmIYgobX+IP5kSBFUv95ZAVZnrDgVUQ==",
            "requires": {
                "@typed/common": "^3.5.0",
                "@typed/lambda": "^3.4.0",
                "@typed/maybe": "^10.4.0"
            }
        },
        "@typed/math": {
            "version": "6.4.0",
            "resolved": "https://registry.npmjs.org/@typed/math/-/math-6.4.0.tgz",
            "integrity": "sha512-FHa8HBkSFEv9vJiSqjX7J4o9wloB9aDA64CyB2dSuIKYXzP8+tbfg/xBB3qDIB5X7oABWtAi3+kJq79o1QuYtg==",
            "requires": {
                "@typed/lambda": "^3.4.0",
                "@typed/maybe": "^10.4.0"
            }
        },
        "@typed/maybe": {
            "version": "10.4.0",
            "resolved": "https://registry.npmjs.org/@typed/maybe/-/maybe-10.4.0.tgz",
            "integrity": "sha512-J7mcL9WSji9u0wD8oCjAIX4q0t0GKNY0ghBHw7vJLoXauEGSRclE9gM+AtfYKVnQuE2fdhy/sCiYzaOJB7iBGQ==",
            "requires": {
                "@typed/lambda": "^3.4.0"
            }
        },
        "@typed/objects": {
            "version": "6.4.1",
            "resolved": "https://registry.npmjs.org/@typed/objects/-/objects-6.4.1.tgz",
            "integrity": "sha512-qu3K5W8z9lS/DcWdINLOw88FDZ9R+NukM+63kGkuEs/CpgcvEN7O+nECP6dPfh1xsKILwareLaVzRIqcegKcbQ==",
            "requires": {
                "@typed/common": "^3.5.0",
                "@typed/lambda": "^3.4.0",
                "@typed/maybe": "^10.4.0"
            }
        },
        "@typed/promises": {
            "version": "5.3.0",
            "resolved": "https://registry.npmjs.org/@typed/promises/-/promises-5.3.0.tgz",
            "integrity": "sha512-25icRmJCPxQ4xpLjFzD/9egFq3JdB042/R3mZNdG6nicJOycV+ADjv+6ZxKpmyYruwNh70hb0dCIzTSMOrZJ7g==",
            "requires": {
                "@typed/lambda": "^3.4.0"
            }
        },
        "@typed/timer": {
            "version": "3.6.0",
            "resolved": "https://registry.npmjs.org/@typed/timer/-/timer-3.6.0.tgz",
            "integrity": "sha512-Py/9OvemHoI67auuTmejKFUousBAX7gdcxTBKYybUFdEj9EdIpCPUzutzb8tao4PLaNokLlfnlAaCpJLJ91JLg==",
            "requires": {
                "@typed/common": "^3.5.0",
                "@typed/disposable": "^3.4.1",
                "@typed/lambda": "^3.4.0",
                "@typed/list": "^6.4.4"
            }
        },
        "@typed/tuple": {
            "version": "3.3.0",
            "resolved": "https://registry.npmjs.org/@typed/tuple/-/tuple-3.3.0.tgz",
            "integrity": "sha512-8yHduiKLkoh+cJ8oOzzX+Rl4uql+vcCmE2UBDt6yqwEVf4FFQckrhdBkUasM71AxMKqQk9PStO243ixV1lTebA==",
            "requires": {
                "@typed/lambda": "^3.4.0"
            }
        },
        "tslib": {
            "version": "2.3.1",
            "resolved": "https://registry.npmjs.org/tslib/-/tslib-2.3.1.tgz",
            "integrity": "sha512-77EbyPPpMz+FRFRuAFlWMtmgUWGe9UOG2Z25NqCwiIjRhOf5iKGuzSe5P2w1laq+FkRy4p+PCuVkJSGkzTEKVw==",
            "peer": true
        }
    }
}
